
Microsoft Visual Studio Solution File, Format Version 12.00
# Visual Studio Version 16
VisualStudioVersion = 16.0.28803.202
MinimumVisualStudioVersion = 10.0.40219.1
Project("{888888A0-9F3D-457C-B088-3A5042F75D52}") = "LeeCode", "LeeCode\LeeCode.pyproj", "{B44D1D6A-59CF-44F5-9670-6FA9CF9625EC}"
EndProject
Global
	GlobalSection(SolutionConfigurationPlatforms) = preSolution
		Debug|Any CPU = Debug|Any CPU
		Release|Any CPU = Release|Any CPU
	EndGlobalSection
	GlobalSection(ProjectConfigurationPlatforms) = postSolution
		{B44D1D6A-59CF-44F5-9670-6FA9CF9625EC}.Debug|Any CPU.ActiveCfg = Debug|Any CPU
		{B44D1D6A-59CF-44F5-9670-6FA9CF9625EC}.Release|Any CPU.ActiveCfg = Release|Any CPU
	EndGlobalSection
	GlobalSection(SolutionProperties) = preSolution
		HideSolutionNode = FALSE
	EndGlobalSection
	GlobalSection(ExtensibilityGlobals) = postSolution
		SolutionGuid = {B919211A-FB7B-45E2-9D21-C21D8D05D6A1}
	EndGlobalSection
EndGlobal
